
Microsoft Visual Studio Solution File, Format Version 12.00
# Visual Studio Version 17
VisualStudioVersion = 17.4.33205.214
MinimumVisualStudioVersion = 10.0.40219.1
Project("{9A19103F-16F7-4668-BE54-9A1E7A4F7556}") = "FileCabinet", "FileCabinet\FileCabinet.csproj", "{94A900D9-7BA5-43A5-8205-24BD665F6E2E}"
EndProject
Project("{9A19103F-16F7-4668-BE54-9A1E7A4F7556}") = "FileCabinetApp", "FileCabinetApp\FileCabinetApp.csproj", "{608758D9-CA94-4094-B859-E004C0AF98E0}"
EndProject
Project("{FAE04EC0-301F-11D3-BF4B-00C04F79EFBC}") = "FileCabinet.Models", "Models\FileCabinet.Models.csproj", "{9628B3FE-3D3C-457A-909A-6D7F7A75C965}"
EndProject
Global
	GlobalSection(SolutionConfigurationPlatforms) = preSolution
		Debug|Any CPU = Debug|Any CPU
		Release|Any CPU = Release|Any CPU
	EndGlobalSection
	GlobalSection(ProjectConfigurationPlatforms) = postSolution
		{94A900D9-7BA5-43A5-8205-24BD665F6E2E}.Debug|Any CPU.ActiveCfg = Debug|Any CPU
		{94A900D9-7BA5-43A5-8205-24BD665F6E2E}.Debug|Any CPU.Build.0 = Debug|Any CPU
		{94A900D9-7BA5-43A5-8205-24BD665F6E2E}.Release|Any CPU.ActiveCfg = Release|Any CPU
		{94A900D9-7BA5-43A5-8205-24BD665F6E2E}.Release|Any CPU.Build.0 = Release|Any CPU
		{608758D9-CA94-4094-B859-E004C0AF98E0}.Debug|Any CPU.ActiveCfg = Debug|Any CPU
		{608758D9-CA94-4094-B859-E004C0AF98E0}.Debug|Any CPU.Build.0 = Debug|Any CPU
		{608758D9-CA94-4094-B859-E004C0AF98E0}.Release|Any CPU.ActiveCfg = Release|Any CPU
		{608758D9-CA94-4094-B859-E004C0AF98E0}.Release|Any CPU.Build.0 = Release|Any CPU
		{9628B3FE-3D3C-457A-909A-6D7F7A75C965}.Debug|Any CPU.ActiveCfg = Debug|Any CPU
		{9628B3FE-3D3C-457A-909A-6D7F7A75C965}.Debug|Any CPU.Build.0 = Debug|Any CPU
		{9628B3FE-3D3C-457A-909A-6D7F7A75C965}.Release|Any CPU.ActiveCfg = Release|Any CPU
		{9628B3FE-3D3C-457A-909A-6D7F7A75C965}.Release|Any CPU.Build.0 = Release|Any CPU
	EndGlobalSection
	GlobalSection(SolutionProperties) = preSolution
		HideSolutionNode = FALSE
	EndGlobalSection
	GlobalSection(ExtensibilityGlobals) = postSolution
		SolutionGuid = {96825459-A383-42C1-A4EE-F7ABBE2887B4}
	EndGlobalSection
EndGlobal
